{
  "originHash" : "a20203dd2e6d8912d2ca6779691d221784c7fde1ce127e8ee563090250863f93",
  "pins" : [
    {
      "identity" : "minilexer",
      "kind" : "remoteSourceControl",
      "location" : "https://github.com/Audulus/MiniLexer.git",
      "state" : {
        "branch" : "master",
        "revision" : "1be6c27f3448ea0cf07b538ef9c44c0a473a29ae"
      }
    }
  ],
  "version" : 3
}
